{
  "name": "nextlargerelement",
  "version": "1.0.0",
  "lockfileVersion": 1,
  "requires": true,
  "dependencies": {
    "stack-ds": {
      "version": "1.0.1",
      "resolved": "https://registry.npmjs.org/stack-ds/-/stack-ds-1.0.1.tgz",
      "integrity": "sha1-3uT3UKdIDlmCnIf+yRuAouQMchg="
    }
  }
}
